
Microsoft Visual Studio Solution File, Format Version 12.00
# Visual Studio Version 17
VisualStudioVersion = 17.8.34330.188
MinimumVisualStudioVersion = 10.0.40219.1
Project("{9A19103F-16F7-4668-BE54-9A1E7A4F7556}") = "JMayer.Web.Mvc", "JMayer.Web.Mvc\JMayer.Web.Mvc.csproj", "{5F3AF562-8942-4543-9884-BB2CB2267559}"
EndProject
Project("{9A19103F-16F7-4668-BE54-9A1E7A4F7556}") = "JMayer.Data", "..\JMayer-Data-Library\JMayer.Data\JMayer.Data.csproj", "{8A70F1E5-0B7C-4217-912F-7C51E527589E}"
EndProject
Global
	GlobalSection(SolutionConfigurationPlatforms) = preSolution
		Debug|Any CPU = Debug|Any CPU
		Release|Any CPU = Release|Any CPU
	EndGlobalSection
	GlobalSection(ProjectConfigurationPlatforms) = postSolution
		{5F3AF562-8942-4543-9884-BB2CB2267559}.Debug|Any CPU.ActiveCfg = Debug|Any CPU
		{5F3AF562-8942-4543-9884-BB2CB2267559}.Debug|Any CPU.Build.0 = Debug|Any CPU
		{5F3AF562-8942-4543-9884-BB2CB2267559}.Release|Any CPU.ActiveCfg = Release|Any CPU
		{5F3AF562-8942-4543-9884-BB2CB2267559}.Release|Any CPU.Build.0 = Release|Any CPU
		{8A70F1E5-0B7C-4217-912F-7C51E527589E}.Debug|Any CPU.ActiveCfg = Debug|Any CPU
		{8A70F1E5-0B7C-4217-912F-7C51E527589E}.Debug|Any CPU.Build.0 = Debug|Any CPU
		{8A70F1E5-0B7C-4217-912F-7C51E527589E}.Release|Any CPU.ActiveCfg = Release|Any CPU
		{8A70F1E5-0B7C-4217-912F-7C51E527589E}.Release|Any CPU.Build.0 = Release|Any CPU
	EndGlobalSection
	GlobalSection(SolutionProperties) = preSolution
		HideSolutionNode = FALSE
	EndGlobalSection
	GlobalSection(ExtensibilityGlobals) = postSolution
		SolutionGuid = {D41E0875-8E5A-4F4C-A2D0-BA7C32C4213F}
	EndGlobalSection
EndGlobal
